
Microsoft Visual Studio Solution File, Format Version 12.00
# Visual Studio 2013
VisualStudioVersion = 12.0.30501.0
MinimumVisualStudioVersion = 10.0.40219.1
Project("{FAE04EC0-301F-11D3-BF4B-00C04F79EFBC}") = "Menu", "_3_Patterns\Menu.csproj", "{1C8F955B-0B23-4184-91D3-AF0DF212F199}"
EndProject
Project("{2150E333-8FDC-42A3-9474-1A3956D46DE8}") = "NewFolder1", "NewFolder1", "{23BF5494-BECB-4341-A202-1B93A87050A8}"
	ProjectSection(SolutionItems) = preProject
		..\DZ_iNET_20122015.txt = ..\DZ_iNET_20122015.txt
		_3_Patterns\UML_Composite.PNG = _3_Patterns\UML_Composite.PNG
		_3_Patterns\UML_Facade.PNG = _3_Patterns\UML_Facade.PNG
	EndProjectSection
EndProject
Project("{FAE04EC0-301F-11D3-BF4B-00C04F79EFBC}") = "WebSite", "WebSite\WebSite.csproj", "{DC380410-790C-4922-AEAC-300089B6657E}"
EndProject
Global
	GlobalSection(SolutionConfigurationPlatforms) = preSolution
		Debug|Any CPU = Debug|Any CPU
		Release|Any CPU = Release|Any CPU
	EndGlobalSection
	GlobalSection(ProjectConfigurationPlatforms) = postSolution
		{1C8F955B-0B23-4184-91D3-AF0DF212F199}.Debug|Any CPU.ActiveCfg = Debug|Any CPU
		{1C8F955B-0B23-4184-91D3-AF0DF212F199}.Debug|Any CPU.Build.0 = Debug|Any CPU
		{1C8F955B-0B23-4184-91D3-AF0DF212F199}.Release|Any CPU.ActiveCfg = Release|Any CPU
		{1C8F955B-0B23-4184-91D3-AF0DF212F199}.Release|Any CPU.Build.0 = Release|Any CPU
		{DC380410-790C-4922-AEAC-300089B6657E}.Debug|Any CPU.ActiveCfg = Debug|Any CPU
		{DC380410-790C-4922-AEAC-300089B6657E}.Debug|Any CPU.Build.0 = Debug|Any CPU
		{DC380410-790C-4922-AEAC-300089B6657E}.Release|Any CPU.ActiveCfg = Release|Any CPU
		{DC380410-790C-4922-AEAC-300089B6657E}.Release|Any CPU.Build.0 = Release|Any CPU
	EndGlobalSection
	GlobalSection(SolutionProperties) = preSolution
		HideSolutionNode = FALSE
	EndGlobalSection
EndGlobal
