
Microsoft Visual Studio Solution File, Format Version 12.00
# Visual Studio 2013
VisualStudioVersion = 12.0.30501.0
MinimumVisualStudioVersion = 10.0.40219.1
Project("{FAE04EC0-301F-11D3-BF4B-00C04F79EFBC}") = "Abstract Factory", "Abstract Factory\Abstract Factory.csproj", "{9290B19C-2042-4694-A392-B451EA9B39CA}"
EndProject
Project("{FAE04EC0-301F-11D3-BF4B-00C04F79EFBC}") = "Builder", "Builder\Builder.csproj", "{0C32331D-4A97-4AB1-970B-1B1ABDA2BEC9}"
EndProject
Project("{FAE04EC0-301F-11D3-BF4B-00C04F79EFBC}") = "DrinkAbstractFactory", "DrinkAbstractFactory\DrinkAbstractFactory.csproj", "{D384E66B-727C-494E-9918-BC8C525A1752}"
EndProject
Project("{2150E333-8FDC-42A3-9474-1A3956D46DE8}") = "Solution Items", "Solution Items", "{5E6FD52C-0F69-4A44-908B-641D6D7E6BBA}"
	ProjectSection(SolutionItems) = preProject
		DZ_iNET_13122015ZPatterns.txt = DZ_iNET_13122015ZPatterns.txt
		UML Abstract Factory.PNG = UML Abstract Factory.PNG
		UML Builder.PNG = UML Builder.PNG
	EndProjectSection
EndProject
Global
	GlobalSection(SolutionConfigurationPlatforms) = preSolution
		Debug|Any CPU = Debug|Any CPU
		Release|Any CPU = Release|Any CPU
	EndGlobalSection
	GlobalSection(ProjectConfigurationPlatforms) = postSolution
		{9290B19C-2042-4694-A392-B451EA9B39CA}.Debug|Any CPU.ActiveCfg = Debug|Any CPU
		{9290B19C-2042-4694-A392-B451EA9B39CA}.Debug|Any CPU.Build.0 = Debug|Any CPU
		{9290B19C-2042-4694-A392-B451EA9B39CA}.Release|Any CPU.ActiveCfg = Release|Any CPU
		{9290B19C-2042-4694-A392-B451EA9B39CA}.Release|Any CPU.Build.0 = Release|Any CPU
		{0C32331D-4A97-4AB1-970B-1B1ABDA2BEC9}.Debug|Any CPU.ActiveCfg = Debug|Any CPU
		{0C32331D-4A97-4AB1-970B-1B1ABDA2BEC9}.Debug|Any CPU.Build.0 = Debug|Any CPU
		{0C32331D-4A97-4AB1-970B-1B1ABDA2BEC9}.Release|Any CPU.ActiveCfg = Release|Any CPU
		{0C32331D-4A97-4AB1-970B-1B1ABDA2BEC9}.Release|Any CPU.Build.0 = Release|Any CPU
		{D384E66B-727C-494E-9918-BC8C525A1752}.Debug|Any CPU.ActiveCfg = Debug|Any CPU
		{D384E66B-727C-494E-9918-BC8C525A1752}.Debug|Any CPU.Build.0 = Debug|Any CPU
		{D384E66B-727C-494E-9918-BC8C525A1752}.Release|Any CPU.ActiveCfg = Release|Any CPU
		{D384E66B-727C-494E-9918-BC8C525A1752}.Release|Any CPU.Build.0 = Release|Any CPU
	EndGlobalSection
	GlobalSection(SolutionProperties) = preSolution
		HideSolutionNode = FALSE
	EndGlobalSection
EndGlobal
